# This file is automatically @generated by Wally.
# It is not intended for manual editing.
registry = "test"

[[package]]
name = "egomoose/better-view-selector"
version = "0.1.1"
dependencies = [["Janitor", "howmanysmall/janitor@1.15.7"], ["LuaEncode", "regginator/luaencode@1.3.1"], ["Signal", "stravant/goodsignal@0.2.1"]]

[[package]]
name = "evaera/promise"
version = "4.0.0"
dependencies = []

[[package]]
name = "howmanysmall/janitor"
version = "1.15.7"
dependencies = [["Promise", "evaera/promise@4.0.0"]]

[[package]]
name = "regginator/luaencode"
version = "1.3.1"
dependencies = []

[[package]]
name = "stravant/goodsignal"
version = "0.2.1"
dependencies = []
