# This file is automatically @generated by Wally.
# It is not intended for manual editing.
registry = "test"

[[package]]
name = "egomoose/better-view-selector"
version = "0.1.3"
dependencies = [["LuaEncode", "regginator/luaencode@1.3.1"], ["Signal", "sleitnick/signal@2.0.1"], ["Trove", "sleitnick/trove@1.4.0"]]

[[package]]
name = "regginator/luaencode"
version = "1.3.1"
dependencies = []

[[package]]
name = "sleitnick/signal"
version = "2.0.1"
dependencies = []

[[package]]
name = "sleitnick/trove"
version = "1.4.0"
dependencies = []
